// !$*UTF8*$!
{
	archiveVersion = 1;
	classes = {
	};
	objectVersion = 56;
	objects = {

/* Begin PBXBuildFile section */
		8864D95F28A883E3002D6437 /* AppDelegate.swift in Sources */ = {isa = PBXBuildFile; fileRef = 8864D95E28A883E3002D6437 /* AppDelegate.swift */; };
		8864D96128A883E3002D6437 /* SceneDelegate.swift in Sources */ = {isa = PBXBuildFile; fileRef = 8864D96028A883E3002D6437 /* SceneDelegate.swift */; };
		8864D96328A883E3002D6437 /* ViewController.swift in Sources */ = {isa = PBXBuildFile; fileRef = 8864D96228A883E3002D6437 /* ViewController.swift */; };
		8864D96628A883E3002D6437 /* Main.storyboard in Resources */ = {isa = PBXBuildFile; fileRef = 8864D96428A883E3002D6437 /* Main.storyboard */; };
		8864D96828A883E8002D6437 /* Assets.xcassets in Resources */ = {isa = PBXBuildFile; fileRef = 8864D96728A883E8002D6437 /* Assets.xcassets */; };
		8864D96B28A883E8002D6437 /* LaunchScreen.storyboard in Resources */ = {isa = PBXBuildFile; fileRef = 8864D96928A883E8002D6437 /* LaunchScreen.storyboard */; };
		8864D97328A889AE002D6437 /* QuakeTableViewCell.swift in Sources */ = {isa = PBXBuildFile; fileRef = 8864D97228A889AE002D6437 /* QuakeTableViewCell.swift */; };
		8864D97528A88D26002D6437 /* Quake.swift in Sources */ = {isa = PBXBuildFile; fileRef = 8864D97428A88D26002D6437 /* Quake.swift */; };
		8864D97928A89126002D6437 /* NetworkController.swift in Sources */ = {isa = PBXBuildFile; fileRef = 8864D97828A89126002D6437 /* NetworkController.swift */; };
		88EA5D8328A89B1E00A0152A /* AnnotationView.swift in Sources */ = {isa = PBXBuildFile; fileRef = 88EA5D8228A89B1E00A0152A /* AnnotationView.swift */; };
		88EA5D8628A89E3400A0152A /* EarthquakeDetailViewController.swift in Sources */ = {isa = PBXBuildFile; fileRef = 88EA5D8528A89E3400A0152A /* EarthquakeDetailViewController.swift */; };
		88EA5D8E28A8A58D00A0152A /* EarthQuakesTests.swift in Sources */ = {isa = PBXBuildFile; fileRef = 88EA5D8D28A8A58D00A0152A /* EarthQuakesTests.swift */; };
/* End PBXBuildFile section */

/* Begin PBXContainerItemProxy section */
		88EA5D8F28A8A58D00A0152A /* PBXContainerItemProxy */ = {
			isa = PBXContainerItemProxy;
			containerPortal = 8864D95328A883E3002D6437 /* Project object */;
			proxyType = 1;
			remoteGlobalIDString = 8864D95A28A883E3002D6437;
			remoteInfo = EarthQuakes;
		};
/* End PBXContainerItemProxy section */

/* Begin PBXFileReference section */
		8864D95B28A883E3002D6437 /* EarthQuakes.app */ = {isa = PBXFileReference; explicitFileType = wrapper.application; includeInIndex = 0; path = EarthQuakes.app; sourceTree = BUILT_PRODUCTS_DIR; };
		8864D95E28A883E3002D6437 /* AppDelegate.swift */ = {isa = PBXFileReference; lastKnownFileType = sourcecode.swift; path = AppDelegate.swift; sourceTree = "<group>"; };
		8864D96028A883E3002D6437 /* SceneDelegate.swift */ = {isa = PBXFileReference; lastKnownFileType = sourcecode.swift; path = SceneDelegate.swift; sourceTree = "<group>"; };
		8864D96228A883E3002D6437 /* ViewController.swift */ = {isa = PBXFileReference; lastKnownFileType = sourcecode.swift; path = ViewController.swift; sourceTree = "<group>"; };
		8864D96528A883E3002D6437 /* Base */ = {isa = PBXFileReference; lastKnownFileType = file.storyboard; name = Base; path = Base.lproj/Main.storyboard; sourceTree = "<group>"; };
		8864D96728A883E8002D6437 /* Assets.xcassets */ = {isa = PBXFileReference; lastKnownFileType = folder.assetcatalog; path = Assets.xcassets; sourceTree = "<group>"; };
		8864D96A28A883E8002D6437 /* Base */ = {isa = PBXFileReference; lastKnownFileType = file.storyboard; name = Base; path = Base.lproj/LaunchScreen.storyboard; sourceTree = "<group>"; };
		8864D96C28A883E8002D6437 /* Info.plist */ = {isa = PBXFileReference; lastKnownFileType = text.plist.xml; path = Info.plist; sourceTree = "<group>"; };
		8864D97228A889AE002D6437 /* QuakeTableViewCell.swift */ = {isa = PBXFileReference; lastKnownFileType = sourcecode.swift; path = QuakeTableViewCell.swift; sourceTree = "<group>"; };
		8864D97428A88D26002D6437 /* Quake.swift */ = {isa = PBXFileReference; lastKnownFileType = sourcecode.swift; path = Quake.swift; sourceTree = "<group>"; };
		8864D97828A89126002D6437 /* NetworkController.swift */ = {isa = PBXFileReference; lastKnownFileType = sourcecode.swift; path = NetworkController.swift; sourceTree = "<group>"; };
		88EA5D8228A89B1E00A0152A /* AnnotationView.swift */ = {isa = PBXFileReference; lastKnownFileType = sourcecode.swift; path = AnnotationView.swift; sourceTree = "<group>"; };
		88EA5D8528A89E3400A0152A /* EarthquakeDetailViewController.swift */ = {isa = PBXFileReference; lastKnownFileType = sourcecode.swift; path = EarthquakeDetailViewController.swift; sourceTree = "<group>"; };
		88EA5D8B28A8A58D00A0152A /* EarthQuakesTests.xctest */ = {isa = PBXFileReference; explicitFileType = wrapper.cfbundle; includeInIndex = 0; path = EarthQuakesTests.xctest; sourceTree = BUILT_PRODUCTS_DIR; };
		88EA5D8D28A8A58D00A0152A /* EarthQuakesTests.swift */ = {isa = PBXFileReference; lastKnownFileType = sourcecode.swift; path = EarthQuakesTests.swift; sourceTree = "<group>"; };
/* End PBXFileReference section */

/* Begin PBXFrameworksBuildPhase section */
		8864D95828A883E3002D6437 /* Frameworks */ = {
			isa = PBXFrameworksBuildPhase;
			buildActionMask = 2147483647;
			files = (
			);
			runOnlyForDeploymentPostprocessing = 0;
		};
		88EA5D8828A8A58D00A0152A /* Frameworks */ = {
			isa = PBXFrameworksBuildPhase;
			buildActionMask = 2147483647;
			files = (
			);
			runOnlyForDeploymentPostprocessing = 0;
		};
/* End PBXFrameworksBuildPhase section */

/* Begin PBXGroup section */
		8864D95228A883E3002D6437 = {
			isa = PBXGroup;
			children = (
				8864D95D28A883E3002D6437 /* EarthQuakes */,
				88EA5D8C28A8A58D00A0152A /* EarthQuakesTests */,
				8864D95C28A883E3002D6437 /* Products */,
			);
			sourceTree = "<group>";
		};
		8864D95C28A883E3002D6437 /* Products */ = {
			isa = PBXGroup;
			children = (
				8864D95B28A883E3002D6437 /* EarthQuakes.app */,
				88EA5D8B28A8A58D00A0152A /* EarthQuakesTests.xctest */,
			);
			name = Products;
			sourceTree = "<group>";
		};
		8864D95D28A883E3002D6437 /* EarthQuakes */ = {
			isa = PBXGroup;
			children = (
				8864D95E28A883E3002D6437 /* AppDelegate.swift */,
				8864D96028A883E3002D6437 /* SceneDelegate.swift */,
				88EA5D8428A89C4900A0152A /* MapKit */,
				8864D97A28A89504002D6437 /* Models */,
				8864D97B28A8950F002D6437 /* Networking */,
				8864D97C28A8951F002D6437 /* View Controllers */,
				8864D97D28A8952B002D6437 /* Cells */,
				8864D96428A883E3002D6437 /* Main.storyboard */,
				8864D96728A883E8002D6437 /* Assets.xcassets */,
				8864D96928A883E8002D6437 /* LaunchScreen.storyboard */,
				8864D96C28A883E8002D6437 /* Info.plist */,
			);
			path = EarthQuakes;
			sourceTree = "<group>";
		};
		8864D97A28A89504002D6437 /* Models */ = {
			isa = PBXGroup;
			children = (
				8864D97428A88D26002D6437 /* Quake.swift */,
			);
			path = Models;
			sourceTree = "<group>";
		};
		8864D97B28A8950F002D6437 /* Networking */ = {
			isa = PBXGroup;
			children = (
				8864D97828A89126002D6437 /* NetworkController.swift */,
			);
			path = Networking;
			sourceTree = "<group>";
		};
		8864D97C28A8951F002D6437 /* View Controllers */ = {
			isa = PBXGroup;
			children = (
				8864D96228A883E3002D6437 /* ViewController.swift */,
				88EA5D8528A89E3400A0152A /* EarthquakeDetailViewController.swift */,
			);
			path = "View Controllers";
			sourceTree = "<group>";
		};
		8864D97D28A8952B002D6437 /* Cells */ = {
			isa = PBXGroup;
			children = (
				8864D97228A889AE002D6437 /* QuakeTableViewCell.swift */,
			);
			path = Cells;
			sourceTree = "<group>";
		};
		88EA5D8428A89C4900A0152A /* MapKit */ = {
			isa = PBXGroup;
			children = (
				88EA5D8228A89B1E00A0152A /* AnnotationView.swift */,
			);
			path = MapKit;
			sourceTree = "<group>";
		};
		88EA5D8C28A8A58D00A0152A /* EarthQuakesTests */ = {
			isa = PBXGroup;
			children = (
				88EA5D8D28A8A58D00A0152A /* EarthQuakesTests.swift */,
			);
			path = EarthQuakesTests;
			sourceTree = "<group>";
		};
/* End PBXGroup section */

/* Begin PBXNativeTarget section */
		8864D95A28A883E3002D6437 /* EarthQuakes */ = {
			isa = PBXNativeTarget;
			buildConfigurationList = 8864D96F28A883E8002D6437 /* Build configuration list for PBXNativeTarget "EarthQuakes" */;
			buildPhases = (
				8864D95728A883E3002D6437 /* Sources */,
				8864D95828A883E3002D6437 /* Frameworks */,
				8864D95928A883E3002D6437 /* Resources */,
			);
			buildRules = (
			);
			dependencies = (
			);
			name = EarthQuakes;
			productName = EarthQuakes;
			productReference = 8864D95B28A883E3002D6437 /* EarthQuakes.app */;
			productType = "com.apple.product-type.application";
		};
		88EA5D8A28A8A58D00A0152A /* EarthQuakesTests */ = {
			isa = PBXNativeTarget;
			buildConfigurationList = 88EA5D9128A8A58D00A0152A /* Build configuration list for PBXNativeTarget "EarthQuakesTests" */;
			buildPhases = (
				88EA5D8728A8A58D00A0152A /* Sources */,
				88EA5D8828A8A58D00A0152A /* Frameworks */,
				88EA5D8928A8A58D00A0152A /* Resources */,
			);
			buildRules = (
			);
			dependencies = (
				88EA5D9028A8A58D00A0152A /* PBXTargetDependency */,
			);
			name = EarthQuakesTests;
			productName = EarthQuakesTests;
			productReference = 88EA5D8B28A8A58D00A0152A /* EarthQuakesTests.xctest */;
			productType = "com.apple.product-type.bundle.unit-test";
		};
/* End PBXNativeTarget section */

/* Begin PBXProject section */
		8864D95328A883E3002D6437 /* Project object */ = {
			isa = PBXProject;
			attributes = {
				BuildIndependentTargetsInParallel = 1;
				LastSwiftUpdateCheck = 1400;
				LastUpgradeCheck = 1400;
				TargetAttributes = {
					8864D95A28A883E3002D6437 = {
						CreatedOnToolsVersion = 14.0;
					};
					88EA5D8A28A8A58D00A0152A = {
						CreatedOnToolsVersion = 14.0;
						TestTargetID = 8864D95A28A883E3002D6437;
					};
				};
			};
			buildConfigurationList = 8864D95628A883E3002D6437 /* Build configuration list for PBXProject "EarthQuakes" */;
			compatibilityVersion = "Xcode 14.0";
			developmentRegion = en;
			hasScannedForEncodings = 0;
			knownRegions = (
				en,
				Base,
			);
			mainGroup = 8864D95228A883E3002D6437;
			productRefGroup = 8864D95C28A883E3002D6437 /* Products */;
			projectDirPath = "";
			projectRoot = "";
			targets = (
				8864D95A28A883E3002D6437 /* EarthQuakes */,
				88EA5D8A28A8A58D00A0152A /* EarthQuakesTests */,
			);
		};
/* End PBXProject section */

/* Begin PBXResourcesBuildPhase section */
		8864D95928A883E3002D6437 /* Resources */ = {
			isa = PBXResourcesBuildPhase;
			buildActionMask = 2147483647;
			files = (
				8864D96B28A883E8002D6437 /* LaunchScreen.storyboard in Resources */,
				8864D96828A883E8002D6437 /* Assets.xcassets in Resources */,
				8864D96628A883E3002D6437 /* Main.storyboard in Resources */,
			);
			runOnlyForDeploymentPostprocessing = 0;
		};
		88EA5D8928A8A58D00A0152A /* Resources */ = {
			isa = PBXResourcesBuildPhase;
			buildActionMask = 2147483647;
			files = (
			);
			runOnlyForDeploymentPostprocessing = 0;
		};
/* End PBXResourcesBuildPhase section */

/* Begin PBXSourcesBuildPhase section */
		8864D95728A883E3002D6437 /* Sources */ = {
			isa = PBXSourcesBuildPhase;
			buildActionMask = 2147483647;
			files = (
				8864D96328A883E3002D6437 /* ViewController.swift in Sources */,
				8864D97328A889AE002D6437 /* QuakeTableViewCell.swift in Sources */,
				8864D97928A89126002D6437 /* NetworkController.swift in Sources */,
				88EA5D8328A89B1E00A0152A /* AnnotationView.swift in Sources */,
				88EA5D8628A89E3400A0152A /* EarthquakeDetailViewController.swift in Sources */,
				8864D97528A88D26002D6437 /* Quake.swift in Sources */,
				8864D95F28A883E3002D6437 /* AppDelegate.swift in Sources */,
				8864D96128A883E3002D6437 /* SceneDelegate.swift in Sources */,
			);
			runOnlyForDeploymentPostprocessing = 0;
		};
		88EA5D8728A8A58D00A0152A /* Sources */ = {
			isa = PBXSourcesBuildPhase;
			buildActionMask = 2147483647;
			files = (
				88EA5D8E28A8A58D00A0152A /* EarthQuakesTests.swift in Sources */,
			);
			runOnlyForDeploymentPostprocessing = 0;
		};
/* End PBXSourcesBuildPhase section */

/* Begin PBXTargetDependency section */
		88EA5D9028A8A58D00A0152A /* PBXTargetDependency */ = {
			isa = PBXTargetDependency;
			target = 8864D95A28A883E3002D6437 /* EarthQuakes */;
			targetProxy = 88EA5D8F28A8A58D00A0152A /* PBXContainerItemProxy */;
		};
/* End PBXTargetDependency section */

/* Begin PBXVariantGroup section */
		8864D96428A883E3002D6437 /* Main.storyboard */ = {
			isa = PBXVariantGroup;
			children = (
				8864D96528A883E3002D6437 /* Base */,
			);
			name = Main.storyboard;
			sourceTree = "<group>";
		};
		8864D96928A883E8002D6437 /* LaunchScreen.storyboard */ = {
			isa = PBXVariantGroup;
			children = (
				8864D96A28A883E8002D6437 /* Base */,
			);
			name = LaunchScreen.storyboard;
			sourceTree = "<group>";
		};
/* End PBXVariantGroup section */

/* Begin XCBuildConfiguration section */
		8864D96D28A883E8002D6437 /* Debug */ = {
			isa = XCBuildConfiguration;
			buildSettings = {
				ALWAYS_SEARCH_USER_PATHS = NO;
				CLANG_ANALYZER_NONNULL = YES;
				CLANG_ANALYZER_NUMBER_OBJECT_CONVERSION = YES_AGGRESSIVE;
				CLANG_CXX_LANGUAGE_STANDARD = "gnu++20";
				CLANG_ENABLE_MODULES = YES;
				CLANG_ENABLE_OBJC_ARC = YES;
				CLANG_ENABLE_OBJC_WEAK = YES;
				CLANG_WARN_BLOCK_CAPTURE_AUTORELEASING = YES;
				CLANG_WARN_BOOL_CONVERSION = YES;
				CLANG_WARN_COMMA = YES;
				CLANG_WARN_CONSTANT_CONVERSION = YES;
				CLANG_WARN_DEPRECATED_OBJC_IMPLEMENTATIONS = YES;
				CLANG_WARN_DIRECT_OBJC_ISA_USAGE = YES_ERROR;
				CLANG_WARN_DOCUMENTATION_COMMENTS = YES;
				CLANG_WARN_EMPTY_BODY = YES;
				CLANG_WARN_ENUM_CONVERSION = YES;
				CLANG_WARN_INFINITE_RECURSION = YES;
				CLANG_WARN_INT_CONVERSION = YES;
				CLANG_WARN_NON_LITERAL_NULL_CONVERSION = YES;
				CLANG_WARN_OBJC_IMPLICIT_RETAIN_SELF = YES;
				CLANG_WARN_OBJC_LITERAL_CONVERSION = YES;
				CLANG_WARN_OBJC_ROOT_CLASS = YES_ERROR;
				CLANG_WARN_QUOTED_INCLUDE_IN_FRAMEWORK_HEADER = YES;
				CLANG_WARN_RANGE_LOOP_ANALYSIS = YES;
				CLANG_WARN_STRICT_PROTOTYPES = YES;
				CLANG_WARN_SUSPICIOUS_MOVE = YES;
				CLANG_WARN_UNGUARDED_AVAILABILITY = YES_AGGRESSIVE;
				CLANG_WARN_UNREACHABLE_CODE = YES;
				CLANG_WARN__DUPLICATE_METHOD_MATCH = YES;
				COPY_PHASE_STRIP = NO;
				DEBUG_INFORMATION_FORMAT = dwarf;
				ENABLE_STRICT_OBJC_MSGSEND = YES;
				ENABLE_TESTABILITY = YES;
				GCC_C_LANGUAGE_STANDARD = gnu11;
				GCC_DYNAMIC_NO_PIC = NO;
				GCC_NO_COMMON_BLOCKS = YES;
				GCC_OPTIMIZATION_LEVEL = 0;
				GCC_PREPROCESSOR_DEFINITIONS = (
					"DEBUG=1",
					"$(inherited)",
				);
				GCC_WARN_64_TO_32_BIT_CONVERSION = YES;
				GCC_WARN_ABOUT_RETURN_TYPE = YES_ERROR;
				GCC_WARN_UNDECLARED_SELECTOR = YES;
				GCC_WARN_UNINITIALIZED_AUTOS = YES_AGGRESSIVE;
				GCC_WARN_UNUSED_FUNCTION = YES;
				GCC_WARN_UNUSED_VARIABLE = YES;
				IPHONEOS_DEPLOYMENT_TARGET = 16.0;
				MTL_ENABLE_DEBUG_INFO = INCLUDE_SOURCE;
				MTL_FAST_MATH = YES;
				ONLY_ACTIVE_ARCH = YES;
				SDKROOT = iphoneos;
				SWIFT_ACTIVE_COMPILATION_CONDITIONS = DEBUG;
				SWIFT_OPTIMIZATION_LEVEL = "-Onone";
			};
			name = Debug;
		};
		8864D96E28A883E8002D6437 /* Release */ = {
			isa = XCBuildConfiguration;
			buildSettings = {
				ALWAYS_SEARCH_USER_PATHS = NO;
				CLANG_ANALYZER_NONNULL = YES;
				CLANG_ANALYZER_NUMBER_OBJECT_CONVERSION = YES_AGGRESSIVE;
				CLANG_CXX_LANGUAGE_STANDARD = "gnu++20";
				CLANG_ENABLE_MODULES = YES;
				CLANG_ENABLE_OBJC_ARC = YES;
				CLANG_ENABLE_OBJC_WEAK = YES;
				CLANG_WARN_BLOCK_CAPTURE_AUTORELEASING = YES;
				CLANG_WARN_BOOL_CONVERSION = YES;
				CLANG_WARN_COMMA = YES;
				CLANG_WARN_CONSTANT_CONVERSION = YES;
				CLANG_WARN_DEPRECATED_OBJC_IMPLEMENTATIONS = YES;
				CLANG_WARN_DIRECT_OBJC_ISA_USAGE = YES_ERROR;
				CLANG_WARN_DOCUMENTATION_COMMENTS = YES;
				CLANG_WARN_EMPTY_BODY = YES;
				CLANG_WARN_ENUM_CONVERSION = YES;
				CLANG_WARN_INFINITE_RECURSION = YES;
				CLANG_WARN_INT_CONVERSION = YES;
				CLANG_WARN_NON_LITERAL_NULL_CONVERSION = YES;
				CLANG_WARN_OBJC_IMPLICIT_RETAIN_SELF = YES;
				CLANG_WARN_OBJC_LITERAL_CONVERSION = YES;
				CLANG_WARN_OBJC_ROOT_CLASS = YES_ERROR;
				CLANG_WARN_QUOTED_INCLUDE_IN_FRAMEWORK_HEADER = YES;
				CLANG_WARN_RANGE_LOOP_ANALYSIS = YES;
				CLANG_WARN_STRICT_PROTOTYPES = YES;
				CLANG_WARN_SUSPICIOUS_MOVE = YES;
				CLANG_WARN_UNGUARDED_AVAILABILITY = YES_AGGRESSIVE;
				CLANG_WARN_UNREACHABLE_CODE = YES;
				CLANG_WARN__DUPLICATE_METHOD_MATCH = YES;
				COPY_PHASE_STRIP = NO;
				DEBUG_INFORMATION_FORMAT = "dwarf-with-dsym";
				ENABLE_NS_ASSERTIONS = NO;
				ENABLE_STRICT_OBJC_MSGSEND = YES;
				GCC_C_LANGUAGE_STANDARD = gnu11;
				GCC_NO_COMMON_BLOCKS = YES;
				GCC_WARN_64_TO_32_BIT_CONVERSION = YES;
				GCC_WARN_ABOUT_RETURN_TYPE = YES_ERROR;
				GCC_WARN_UNDECLARED_SELECTOR = YES;
				GCC_WARN_UNINITIALIZED_AUTOS = YES_AGGRESSIVE;
				GCC_WARN_UNUSED_FUNCTION = YES;
				GCC_WARN_UNUSED_VARIABLE = YES;
				IPHONEOS_DEPLOYMENT_TARGET = 16.0;
				MTL_ENABLE_DEBUG_INFO = NO;
				MTL_FAST_MATH = YES;
				SDKROOT = iphoneos;
				SWIFT_COMPILATION_MODE = wholemodule;
				SWIFT_OPTIMIZATION_LEVEL = "-O";
				VALIDATE_PRODUCT = YES;
			};
			name = Release;
		};
		8864D97028A883E8002D6437 /* Debug */ = {
			isa = XCBuildConfiguration;
			buildSettings = {
				ASSETCATALOG_COMPILER_APPICON_NAME = AppIcon;
				ASSETCATALOG_COMPILER_GLOBAL_ACCENT_COLOR_NAME = AccentColor;
				CODE_SIGN_STYLE = Automatic;
				CURRENT_PROJECT_VERSION = 1;
				DEVELOPMENT_TEAM = 8LS64MV78T;
				GENERATE_INFOPLIST_FILE = YES;
				INFOPLIST_FILE = EarthQuakes/Info.plist;
				INFOPLIST_KEY_UIApplicationSupportsIndirectInputEvents = YES;
				INFOPLIST_KEY_UILaunchStoryboardName = LaunchScreen;
				INFOPLIST_KEY_UIMainStoryboardFile = Main;
				INFOPLIST_KEY_UISupportedInterfaceOrientations_iPad = "UIInterfaceOrientationPortrait UIInterfaceOrientationPortraitUpsideDown UIInterfaceOrientationLandscapeLeft UIInterfaceOrientationLandscapeRight";
				INFOPLIST_KEY_UISupportedInterfaceOrientations_iPhone = "UIInterfaceOrientationPortrait UIInterfaceOrientationLandscapeLeft UIInterfaceOrientationLandscapeRight";
				LD_RUNPATH_SEARCH_PATHS = (
					"$(inherited)",
					"@executable_path/Frameworks",
				);
				MARKETING_VERSION = 1.0;
				PRODUCT_BUNDLE_IDENTIFIER = com.weekend.test.EarthQuakes;
				PRODUCT_NAME = "$(TARGET_NAME)";
				SWIFT_EMIT_LOC_STRINGS = YES;
				SWIFT_VERSION = 5.0;
				TARGETED_DEVICE_FAMILY = "1,2";
			};
			name = Debug;
		};
		8864D97128A883E8002D6437 /* Release */ = {
			isa = XCBuildConfiguration;
			buildSettings = {
				ASSETCATALOG_COMPILER_APPICON_NAME = AppIcon;
				ASSETCATALOG_COMPILER_GLOBAL_ACCENT_COLOR_NAME = AccentColor;
				CODE_SIGN_STYLE = Automatic;
				CURRENT_PROJECT_VERSION = 1;
				DEVELOPMENT_TEAM = 8LS64MV78T;
				GENERATE_INFOPLIST_FILE = YES;
				INFOPLIST_FILE = EarthQuakes/Info.plist;
				INFOPLIST_KEY_UIApplicationSupportsIndirectInputEvents = YES;
				INFOPLIST_KEY_UILaunchStoryboardName = LaunchScreen;
				INFOPLIST_KEY_UIMainStoryboardFile = Main;
				INFOPLIST_KEY_UISupportedInterfaceOrientations_iPad = "UIInterfaceOrientationPortrait UIInterfaceOrientationPortraitUpsideDown UIInterfaceOrientationLandscapeLeft UIInterfaceOrientationLandscapeRight";
				INFOPLIST_KEY_UISupportedInterfaceOrientations_iPhone = "UIInterfaceOrientationPortrait UIInterfaceOrientationLandscapeLeft UIInterfaceOrientationLandscapeRight";
				LD_RUNPATH_SEARCH_PATHS = (
					"$(inherited)",
					"@executable_path/Frameworks",
				);
				MARKETING_VERSION = 1.0;
				PRODUCT_BUNDLE_IDENTIFIER = com.weekend.test.EarthQuakes;
				PRODUCT_NAME = "$(TARGET_NAME)";
				SWIFT_EMIT_LOC_STRINGS = YES;
				SWIFT_VERSION = 5.0;
				TARGETED_DEVICE_FAMILY = "1,2";
			};
			name = Release;
		};
		88EA5D9228A8A58D00A0152A /* Debug */ = {
			isa = XCBuildConfiguration;
			buildSettings = {
				ASSETCATALOG_COMPILER_APPICON_NAME = AppIcon;
				BUNDLE_LOADER = "$(TEST_HOST)";
				CODE_SIGN_STYLE = Automatic;
				CURRENT_PROJECT_VERSION = 1;
				DEVELOPMENT_TEAM = 8LS64MV78T;
				GENERATE_INFOPLIST_FILE = YES;
				MARKETING_VERSION = 1.0;
				PRODUCT_BUNDLE_IDENTIFIER = com.weekend.test.EarthQuakesTests;
				PRODUCT_NAME = "$(TARGET_NAME)";
				SWIFT_EMIT_LOC_STRINGS = NO;
				SWIFT_VERSION = 5.0;
				TARGETED_DEVICE_FAMILY = "1,2";
				TEST_HOST = "$(BUILT_PRODUCTS_DIR)/EarthQuakes.app/$(BUNDLE_EXECUTABLE_FOLDER_PATH)/EarthQuakes";
			};
			name = Debug;
		};
		88EA5D9328A8A58D00A0152A /* Release */ = {
			isa = XCBuildConfiguration;
			buildSettings = {
				ASSETCATALOG_COMPILER_APPICON_NAME = AppIcon;
				BUNDLE_LOADER = "$(TEST_HOST)";
				CODE_SIGN_STYLE = Automatic;
				CURRENT_PROJECT_VERSION = 1;
				DEVELOPMENT_TEAM = 8LS64MV78T;
				GENERATE_INFOPLIST_FILE = YES;
				MARKETING_VERSION = 1.0;
				PRODUCT_BUNDLE_IDENTIFIER = com.weekend.test.EarthQuakesTests;
				PRODUCT_NAME = "$(TARGET_NAME)";
				SWIFT_EMIT_LOC_STRINGS = NO;
				SWIFT_VERSION = 5.0;
				TARGETED_DEVICE_FAMILY = "1,2";
				TEST_HOST = "$(BUILT_PRODUCTS_DIR)/EarthQuakes.app/$(BUNDLE_EXECUTABLE_FOLDER_PATH)/EarthQuakes";
			};
			name = Release;
		};
/* End XCBuildConfiguration section */

/* Begin XCConfigurationList section */
		8864D95628A883E3002D6437 /* Build configuration list for PBXProject "EarthQuakes" */ = {
			isa = XCConfigurationList;
			buildConfigurations = (
				8864D96D28A883E8002D6437 /* Debug */,
				8864D96E28A883E8002D6437 /* Release */,
			);
			defaultConfigurationIsVisible = 0;
			defaultConfigurationName = Release;
		};
		8864D96F28A883E8002D6437 /* Build configuration list for PBXNativeTarget "EarthQuakes" */ = {
			isa = XCConfigurationList;
			buildConfigurations = (
				8864D97028A883E8002D6437 /* Debug */,
				8864D97128A883E8002D6437 /* Release */,
			);
			defaultConfigurationIsVisible = 0;
			defaultConfigurationName = Release;
		};
		88EA5D9128A8A58D00A0152A /* Build configuration list for PBXNativeTarget "EarthQuakesTests" */ = {
			isa = XCConfigurationList;
			buildConfigurations = (
				88EA5D9228A8A58D00A0152A /* Debug */,
				88EA5D9328A8A58D00A0152A /* Release */,
			);
			defaultConfigurationIsVisible = 0;
			defaultConfigurationName = Release;
		};
/* End XCConfigurationList section */
	};
	rootObject = 8864D95328A883E3002D6437 /* Project object */;
}
